PODS:
  - Alamofire (5.0.2)
  - CountdownLabel (4.0.1)
  - HaishinKit (1.0.5):
    - Logboard (~> 2.1.2)
  - Kingfisher (5.13.2):
    - Kingfisher/Core (= 5.13.2)
  - Kingfisher/Core (5.13.2)
  - Logboard (2.1.2)
  - SnapKit (5.0.1)

DEPENDENCIES:
  - Alamofire
  - CountdownLabel
  - HaishinKit (~> 1.0.4)
  - Kingfisher (~> 5.0)
  - SnapKit

SPEC REPOS:
  trunk:
    - Alamofire
    - CountdownLabel
    - HaishinKit
    - Kingfisher
    - Logboard
    - SnapKit

SPEC CHECKSUMS:
  Alamofire: 3ba7a4db18b4f62c4a1c0e1cb39d7f3d52e10ada
  CountdownLabel: c9975e3f329140b5e7d1f45cd63b1300badd1712
  HaishinKit: 5ef4eefdaf532bd54694cade85110f9e596158a5
  Kingfisher: d342c8354c10c3d85a27d6d4c42c41285924b898
  Logboard: e3342fa111e26268bb89577e6a40a0660a423ddd
  SnapKit: 97b92857e3df3a0c71833cce143274bf6ef8e5eb

PODFILE CHECKSUM: a5e9d0e3342559443a2ebd1f076075c7b92546d2

COCOAPODS: 1.8.4
