// !$*UTF8*$!
{
	archiveVersion = 1;
	classes = {
	};
	objectVersion = 51;
	objects = {

/* Begin PBXBuildFile section */
		2E2F1FC123F67B4F00B8FFEA /* AppDelegate.swift in Sources */ = {isa = PBXBuildFile; fileRef = 2E2F1FC023F67B4F00B8FFEA /* AppDelegate.swift */; };
		2E2F1FC823F67B4F00B8FFEA /* Main.storyboard in Resources */ = {isa = PBXBuildFile; fileRef = 2E2F1FC623F67B4F00B8FFEA /* Main.storyboard */; };
		2E2F1FCA23F67B5000B8FFEA /* Assets.xcassets in Resources */ = {isa = PBXBuildFile; fileRef = 2E2F1FC923F67B5000B8FFEA /* Assets.xcassets */; };
		2E2F1FCD23F67B5000B8FFEA /* LaunchScreen.storyboard in Resources */ = {isa = PBXBuildFile; fileRef = 2E2F1FCB23F67B5000B8FFEA /* LaunchScreen.storyboard */; };
		2E2F1FE323F67C4300B8FFEA /* LiveViewController.swift in Sources */ = {isa = PBXBuildFile; fileRef = 2E2F1FDD23F67C4300B8FFEA /* LiveViewController.swift */; };
		2E2F1FE423F67C4300B8FFEA /* PreferenceViewController.swift in Sources */ = {isa = PBXBuildFile; fileRef = 2E2F1FDE23F67C4300B8FFEA /* PreferenceViewController.swift */; };
		2E2F1FE623F67C4300B8FFEA /* VisualEffect.swift in Sources */ = {isa = PBXBuildFile; fileRef = 2E2F1FE023F67C4300B8FFEA /* VisualEffect.swift */; };
		2E2F1FE723F67C4300B8FFEA /* Preference.swift in Sources */ = {isa = PBXBuildFile; fileRef = 2E2F1FE123F67C4300B8FFEA /* Preference.swift */; };
		2E2F1FEA23F67D8500B8FFEA /* Icon.png in Resources */ = {isa = PBXBuildFile; fileRef = 2E2F1FE923F67D8500B8FFEA /* Icon.png */; };
		35A2A52ABA5EBBAD2FA25487 /* Pods_stream.framework in Frameworks */ = {isa = PBXBuildFile; fileRef = C14BD9B356101EB4C7580248 /* Pods_stream.framework */; };
/* End PBXBuildFile section */

/* Begin PBXFileReference section */
		2E2F1FBD23F67B4F00B8FFEA /* stream.app */ = {isa = PBXFileReference; explicitFileType = wrapper.application; includeInIndex = 0; path = stream.app; sourceTree = BUILT_PRODUCTS_DIR; };
		2E2F1FC023F67B4F00B8FFEA /* AppDelegate.swift */ = {isa = PBXFileReference; lastKnownFileType = sourcecode.swift; path = AppDelegate.swift; sourceTree = "<group>"; };
		2E2F1FC723F67B4F00B8FFEA /* Base */ = {isa = PBXFileReference; lastKnownFileType = file.storyboard; name = Base; path = Base.lproj/Main.storyboard; sourceTree = "<group>"; };
		2E2F1FC923F67B5000B8FFEA /* Assets.xcassets */ = {isa = PBXFileReference; lastKnownFileType = folder.assetcatalog; path = Assets.xcassets; sourceTree = "<group>"; };
		2E2F1FCC23F67B5000B8FFEA /* Base */ = {isa = PBXFileReference; lastKnownFileType = file.storyboard; name = Base; path = Base.lproj/LaunchScreen.storyboard; sourceTree = "<group>"; };
		2E2F1FCE23F67B5000B8FFEA /* Info.plist */ = {isa = PBXFileReference; lastKnownFileType = text.plist.xml; path = Info.plist; sourceTree = "<group>"; };
		2E2F1FDD23F67C4300B8FFEA /* LiveViewController.swift */ = {isa = PBXFileReference; fileEncoding = 4; lastKnownFileType = sourcecode.swift; path = LiveViewController.swift; sourceTree = "<group>"; };
		2E2F1FDE23F67C4300B8FFEA /* PreferenceViewController.swift */ = {isa = PBXFileReference; fileEncoding = 4; lastKnownFileType = sourcecode.swift; path = PreferenceViewController.swift; sourceTree = "<group>"; };
		2E2F1FE023F67C4300B8FFEA /* VisualEffect.swift */ = {isa = PBXFileReference; fileEncoding = 4; lastKnownFileType = sourcecode.swift; path = VisualEffect.swift; sourceTree = "<group>"; };
		2E2F1FE123F67C4300B8FFEA /* Preference.swift */ = {isa = PBXFileReference; fileEncoding = 4; lastKnownFileType = sourcecode.swift; path = Preference.swift; sourceTree = "<group>"; };
		2E2F1FE923F67D8500B8FFEA /* Icon.png */ = {isa = PBXFileReference; lastKnownFileType = image.png; path = Icon.png; sourceTree = "<group>"; };
		3AB336ED1936E4C8EA2D2CDF /* Pods-stream.release.xcconfig */ = {isa = PBXFileReference; includeInIndex = 1; lastKnownFileType = text.xcconfig; name = "Pods-stream.release.xcconfig"; path = "Target Support Files/Pods-stream/Pods-stream.release.xcconfig"; sourceTree = "<group>"; };
		C14BD9B356101EB4C7580248 /* Pods_stream.framework */ = {isa = PBXFileReference; explicitFileType = wrapper.framework; includeInIndex = 0; path = Pods_stream.framework; sourceTree = BUILT_PRODUCTS_DIR; };
		EE55C45383381A037EDF8CC5 /* Pods-stream.debug.xcconfig */ = {isa = PBXFileReference; includeInIndex = 1; lastKnownFileType = text.xcconfig; name = "Pods-stream.debug.xcconfig"; path = "Target Support Files/Pods-stream/Pods-stream.debug.xcconfig"; sourceTree = "<group>"; };
/* End PBXFileReference section */

/* Begin PBXFrameworksBuildPhase section */
		2E2F1FBA23F67B4F00B8FFEA /* Frameworks */ = {
			isa = PBXFrameworksBuildPhase;
			buildActionMask = 2147483647;
			files = (
				35A2A52ABA5EBBAD2FA25487 /* Pods_stream.framework in Frameworks */,
			);
			runOnlyForDeploymentPostprocessing = 0;
		};
/* End PBXFrameworksBuildPhase section */

/* Begin PBXGroup section */
		2E2F1FB423F67B4F00B8FFEA = {
			isa = PBXGroup;
			children = (
				2E2F1FBF23F67B4F00B8FFEA /* stream */,
				2E2F1FBE23F67B4F00B8FFEA /* Products */,
				F4236412500D0DB563C42727 /* Pods */,
				E4CCE397A47D8D6D8203C8DB /* Frameworks */,
			);
			sourceTree = "<group>";
		};
		2E2F1FBE23F67B4F00B8FFEA /* Products */ = {
			isa = PBXGroup;
			children = (
				2E2F1FBD23F67B4F00B8FFEA /* stream.app */,
			);
			name = Products;
			sourceTree = "<group>";
		};
		2E2F1FBF23F67B4F00B8FFEA /* stream */ = {
			isa = PBXGroup;
			children = (
				2E2F1FC023F67B4F00B8FFEA /* AppDelegate.swift */,
				2E2F1FDD23F67C4300B8FFEA /* LiveViewController.swift */,
				2E2F1FE123F67C4300B8FFEA /* Preference.swift */,
				2E2F1FDE23F67C4300B8FFEA /* PreferenceViewController.swift */,
				2E2F1FE023F67C4300B8FFEA /* VisualEffect.swift */,
				2E2F1FC623F67B4F00B8FFEA /* Main.storyboard */,
				2E2F1FC923F67B5000B8FFEA /* Assets.xcassets */,
				2E2F1FE923F67D8500B8FFEA /* Icon.png */,
				2E2F1FCB23F67B5000B8FFEA /* LaunchScreen.storyboard */,
				2E2F1FCE23F67B5000B8FFEA /* Info.plist */,
			);
			path = stream;
			sourceTree = "<group>";
		};
		E4CCE397A47D8D6D8203C8DB /* Frameworks */ = {
			isa = PBXGroup;
			children = (
				C14BD9B356101EB4C7580248 /* Pods_stream.framework */,
			);
			name = Frameworks;
			sourceTree = "<group>";
		};
		F4236412500D0DB563C42727 /* Pods */ = {
			isa = PBXGroup;
			children = (
				EE55C45383381A037EDF8CC5 /* Pods-stream.debug.xcconfig */,
				3AB336ED1936E4C8EA2D2CDF /* Pods-stream.release.xcconfig */,
			);
			path = Pods;
			sourceTree = "<group>";
		};
/* End PBXGroup section */

/* Begin PBXNativeTarget section */
		2E2F1FBC23F67B4F00B8FFEA /* stream */ = {
			isa = PBXNativeTarget;
			buildConfigurationList = 2E2F1FD123F67B5000B8FFEA /* Build configuration list for PBXNativeTarget "stream" */;
			buildPhases = (
				281F154EC278E2841F0410F5 /* [CP] Check Pods Manifest.lock */,
				2E2F1FB923F67B4F00B8FFEA /* Sources */,
				2E2F1FBA23F67B4F00B8FFEA /* Frameworks */,
				2E2F1FBB23F67B4F00B8FFEA /* Resources */,
				E79343727AFE9C6A49BA8CA5 /* [CP] Embed Pods Frameworks */,
			);
			buildRules = (
			);
			dependencies = (
			);
			name = stream;
			productName = stream;
			productReference = 2E2F1FBD23F67B4F00B8FFEA /* stream.app */;
			productType = "com.apple.product-type.application";
		};
/* End PBXNativeTarget section */

/* Begin PBXProject section */
		2E2F1FB523F67B4F00B8FFEA /* Project object */ = {
			isa = PBXProject;
			attributes = {
				LastSwiftUpdateCheck = 1130;
				LastUpgradeCheck = 1130;
				ORGANIZATIONNAME = "Inpyo Hong";
				TargetAttributes = {
					2E2F1FBC23F67B4F00B8FFEA = {
						CreatedOnToolsVersion = 11.3.1;
					};
				};
			};
			buildConfigurationList = 2E2F1FB823F67B4F00B8FFEA /* Build configuration list for PBXProject "stream" */;
			compatibilityVersion = "Xcode 9.3";
			developmentRegion = en;
			hasScannedForEncodings = 0;
			knownRegions = (
				en,
				Base,
			);
			mainGroup = 2E2F1FB423F67B4F00B8FFEA;
			productRefGroup = 2E2F1FBE23F67B4F00B8FFEA /* Products */;
			projectDirPath = "";
			projectRoot = "";
			targets = (
				2E2F1FBC23F67B4F00B8FFEA /* stream */,
			);
		};
/* End PBXProject section */

/* Begin PBXResourcesBuildPhase section */
		2E2F1FBB23F67B4F00B8FFEA /* Resources */ = {
			isa = PBXResourcesBuildPhase;
			buildActionMask = 2147483647;
			files = (
				2E2F1FEA23F67D8500B8FFEA /* Icon.png in Resources */,
				2E2F1FCD23F67B5000B8FFEA /* LaunchScreen.storyboard in Resources */,
				2E2F1FCA23F67B5000B8FFEA /* Assets.xcassets in Resources */,
				2E2F1FC823F67B4F00B8FFEA /* Main.storyboard in Resources */,
			);
			runOnlyForDeploymentPostprocessing = 0;
		};
/* End PBXResourcesBuildPhase section */

/* Begin PBXShellScriptBuildPhase section */
		281F154EC278E2841F0410F5 /* [CP] Check Pods Manifest.lock */ = {
			isa = PBXShellScriptBuildPhase;
			buildActionMask = 2147483647;
			files = (
			);
			inputFileListPaths = (
			);
			inputPaths = (
				"${PODS_PODFILE_DIR_PATH}/Podfile.lock",
				"${PODS_ROOT}/Manifest.lock",
			);
			name = "[CP] Check Pods Manifest.lock";
			outputFileListPaths = (
			);
			outputPaths = (
				"$(DERIVED_FILE_DIR)/Pods-stream-checkManifestLockResult.txt",
			);
			runOnlyForDeploymentPostprocessing = 0;
			shellPath = /bin/sh;
			shellScript = "diff \"${PODS_PODFILE_DIR_PATH}/Podfile.lock\" \"${PODS_ROOT}/Manifest.lock\" > /dev/null\nif [ $? != 0 ] ; then\n    # print error to STDERR\n    echo \"error: The sandbox is not in sync with the Podfile.lock. Run 'pod install' or update your CocoaPods installation.\" >&2\n    exit 1\nfi\n# This output is used by Xcode 'outputs' to avoid re-running this script phase.\necho \"SUCCESS\" > \"${SCRIPT_OUTPUT_FILE_0}\"\n";
			showEnvVarsInLog = 0;
		};
		E79343727AFE9C6A49BA8CA5 /* [CP] Embed Pods Frameworks */ = {
			isa = PBXShellScriptBuildPhase;
			buildActionMask = 2147483647;
			files = (
			);
			inputFileListPaths = (
				"${PODS_ROOT}/Target Support Files/Pods-stream/Pods-stream-frameworks-${CONFIGURATION}-input-files.xcfilelist",
			);
			name = "[CP] Embed Pods Frameworks";
			outputFileListPaths = (
				"${PODS_ROOT}/Target Support Files/Pods-stream/Pods-stream-frameworks-${CONFIGURATION}-output-files.xcfilelist",
			);
			runOnlyForDeploymentPostprocessing = 0;
			shellPath = /bin/sh;
			shellScript = "\"${PODS_ROOT}/Target Support Files/Pods-stream/Pods-stream-frameworks.sh\"\n";
			showEnvVarsInLog = 0;
		};
/* End PBXShellScriptBuildPhase section */

/* Begin PBXSourcesBuildPhase section */
		2E2F1FB923F67B4F00B8FFEA /* Sources */ = {
			isa = PBXSourcesBuildPhase;
			buildActionMask = 2147483647;
			files = (
				2E2F1FE723F67C4300B8FFEA /* Preference.swift in Sources */,
				2E2F1FC123F67B4F00B8FFEA /* AppDelegate.swift in Sources */,
				2E2F1FE323F67C4300B8FFEA /* LiveViewController.swift in Sources */,
				2E2F1FE423F67C4300B8FFEA /* PreferenceViewController.swift in Sources */,
				2E2F1FE623F67C4300B8FFEA /* VisualEffect.swift in Sources */,
			);
			runOnlyForDeploymentPostprocessing = 0;
		};
/* End PBXSourcesBuildPhase section */

/* Begin PBXVariantGroup section */
		2E2F1FC623F67B4F00B8FFEA /* Main.storyboard */ = {
			isa = PBXVariantGroup;
			children = (
				2E2F1FC723F67B4F00B8FFEA /* Base */,
			);
			name = Main.storyboard;
			sourceTree = "<group>";
		};
		2E2F1FCB23F67B5000B8FFEA /* LaunchScreen.storyboard */ = {
			isa = PBXVariantGroup;
			children = (
				2E2F1FCC23F67B5000B8FFEA /* Base */,
			);
			name = LaunchScreen.storyboard;
			sourceTree = "<group>";
		};
/* End PBXVariantGroup section */

/* Begin XCBuildConfiguration section */
		2E2F1FCF23F67B5000B8FFEA /* Debug */ = {
			isa = XCBuildConfiguration;
			buildSettings = {
				ALWAYS_SEARCH_USER_PATHS = NO;
				CLANG_ANALYZER_NONNULL = YES;
				CLANG_ANALYZER_NUMBER_OBJECT_CONVERSION = YES_AGGRESSIVE;
				CLANG_CXX_LANGUAGE_STANDARD = "gnu++14";
				CLANG_CXX_LIBRARY = "libc++";
				CLANG_ENABLE_MODULES = YES;
				CLANG_ENABLE_OBJC_ARC = YES;
				CLANG_ENABLE_OBJC_WEAK = YES;
				CLANG_WARN_BLOCK_CAPTURE_AUTORELEASING = YES;
				CLANG_WARN_BOOL_CONVERSION = YES;
				CLANG_WARN_COMMA = YES;
				CLANG_WARN_CONSTANT_CONVERSION = YES;
				CLANG_WARN_DEPRECATED_OBJC_IMPLEMENTATIONS = YES;
				CLANG_WARN_DIRECT_OBJC_ISA_USAGE = YES_ERROR;
				CLANG_WARN_DOCUMENTATION_COMMENTS = YES;
				CLANG_WARN_EMPTY_BODY = YES;
				CLANG_WARN_ENUM_CONVERSION = YES;
				CLANG_WARN_INFINITE_RECURSION = YES;
				CLANG_WARN_INT_CONVERSION = YES;
				CLANG_WARN_NON_LITERAL_NULL_CONVERSION = YES;
				CLANG_WARN_OBJC_IMPLICIT_RETAIN_SELF = YES;
				CLANG_WARN_OBJC_LITERAL_CONVERSION = YES;
				CLANG_WARN_OBJC_ROOT_CLASS = YES_ERROR;
				CLANG_WARN_RANGE_LOOP_ANALYSIS = YES;
				CLANG_WARN_STRICT_PROTOTYPES = YES;
				CLANG_WARN_SUSPICIOUS_MOVE = YES;
				CLANG_WARN_UNGUARDED_AVAILABILITY = YES_AGGRESSIVE;
				CLANG_WARN_UNREACHABLE_CODE = YES;
				CLANG_WARN__DUPLICATE_METHOD_MATCH = YES;
				COPY_PHASE_STRIP = NO;
				DEBUG_INFORMATION_FORMAT = dwarf;
				ENABLE_STRICT_OBJC_MSGSEND = YES;
				ENABLE_TESTABILITY = YES;
				GCC_C_LANGUAGE_STANDARD = gnu11;
				GCC_DYNAMIC_NO_PIC = NO;
				GCC_NO_COMMON_BLOCKS = YES;
				GCC_OPTIMIZATION_LEVEL = 0;
				GCC_PREPROCESSOR_DEFINITIONS = (
					"DEBUG=1",
					"$(inherited)",
				);
				GCC_WARN_64_TO_32_BIT_CONVERSION = YES;
				GCC_WARN_ABOUT_RETURN_TYPE = YES_ERROR;
				GCC_WARN_UNDECLARED_SELECTOR = YES;
				GCC_WARN_UNINITIALIZED_AUTOS = YES_AGGRESSIVE;
				GCC_WARN_UNUSED_FUNCTION = YES;
				GCC_WARN_UNUSED_VARIABLE = YES;
				IPHONEOS_DEPLOYMENT_TARGET = 13.2;
				MTL_ENABLE_DEBUG_INFO = INCLUDE_SOURCE;
				MTL_FAST_MATH = YES;
				ONLY_ACTIVE_ARCH = YES;
				SDKROOT = iphoneos;
				SWIFT_ACTIVE_COMPILATION_CONDITIONS = DEBUG;
				SWIFT_OPTIMIZATION_LEVEL = "-Onone";
			};
			name = Debug;
		};
		2E2F1FD023F67B5000B8FFEA /* Release */ = {
			isa = XCBuildConfiguration;
			buildSettings = {
				ALWAYS_SEARCH_USER_PATHS = NO;
				CLANG_ANALYZER_NONNULL = YES;
				CLANG_ANALYZER_NUMBER_OBJECT_CONVERSION = YES_AGGRESSIVE;
				CLANG_CXX_LANGUAGE_STANDARD = "gnu++14";
				CLANG_CXX_LIBRARY = "libc++";
				CLANG_ENABLE_MODULES = YES;
				CLANG_ENABLE_OBJC_ARC = YES;
				CLANG_ENABLE_OBJC_WEAK = YES;
				CLANG_WARN_BLOCK_CAPTURE_AUTORELEASING = YES;
				CLANG_WARN_BOOL_CONVERSION = YES;
				CLANG_WARN_COMMA = YES;
				CLANG_WARN_CONSTANT_CONVERSION = YES;
				CLANG_WARN_DEPRECATED_OBJC_IMPLEMENTATIONS = YES;
				CLANG_WARN_DIRECT_OBJC_ISA_USAGE = YES_ERROR;
				CLANG_WARN_DOCUMENTATION_COMMENTS = YES;
				CLANG_WARN_EMPTY_BODY = YES;
				CLANG_WARN_ENUM_CONVERSION = YES;
				CLANG_WARN_INFINITE_RECURSION = YES;
				CLANG_WARN_INT_CONVERSION = YES;
				CLANG_WARN_NON_LITERAL_NULL_CONVERSION = YES;
				CLANG_WARN_OBJC_IMPLICIT_RETAIN_SELF = YES;
				CLANG_WARN_OBJC_LITERAL_CONVERSION = YES;
				CLANG_WARN_OBJC_ROOT_CLASS = YES_ERROR;
				CLANG_WARN_RANGE_LOOP_ANALYSIS = YES;
				CLANG_WARN_STRICT_PROTOTYPES = YES;
				CLANG_WARN_SUSPICIOUS_MOVE = YES;
				CLANG_WARN_UNGUARDED_AVAILABILITY = YES_AGGRESSIVE;
				CLANG_WARN_UNREACHABLE_CODE = YES;
				CLANG_WARN__DUPLICATE_METHOD_MATCH = YES;
				COPY_PHASE_STRIP = NO;
				DEBUG_INFORMATION_FORMAT = "dwarf-with-dsym";
				ENABLE_NS_ASSERTIONS = NO;
				ENABLE_STRICT_OBJC_MSGSEND = YES;
				GCC_C_LANGUAGE_STANDARD = gnu11;
				GCC_NO_COMMON_BLOCKS = YES;
				GCC_WARN_64_TO_32_BIT_CONVERSION = YES;
				GCC_WARN_ABOUT_RETURN_TYPE = YES_ERROR;
				GCC_WARN_UNDECLARED_SELECTOR = YES;
				GCC_WARN_UNINITIALIZED_AUTOS = YES_AGGRESSIVE;
				GCC_WARN_UNUSED_FUNCTION = YES;
				GCC_WARN_UNUSED_VARIABLE = YES;
				IPHONEOS_DEPLOYMENT_TARGET = 13.2;
				MTL_ENABLE_DEBUG_INFO = NO;
				MTL_FAST_MATH = YES;
				SDKROOT = iphoneos;
				SWIFT_COMPILATION_MODE = wholemodule;
				SWIFT_OPTIMIZATION_LEVEL = "-O";
				VALIDATE_PRODUCT = YES;
			};
			name = Release;
		};
		2E2F1FD223F67B5000B8FFEA /* Debug */ = {
			isa = XCBuildConfiguration;
			baseConfigurationReference = EE55C45383381A037EDF8CC5 /* Pods-stream.debug.xcconfig */;
			buildSettings = {
				ASSETCATALOG_COMPILER_APPICON_NAME = AppIcon;
				CODE_SIGN_STYLE = Automatic;
				DEVELOPMENT_TEAM = UV36497CVB;
				INFOPLIST_FILE = stream/Info.plist;
				LD_RUNPATH_SEARCH_PATHS = (
					"$(inherited)",
					"@executable_path/Frameworks",
				);
				PRODUCT_BUNDLE_IDENTIFIER = com.haishinkit.Exsample.iOS;
				PRODUCT_NAME = "$(TARGET_NAME)";
				SWIFT_VERSION = 5.0;
				TARGETED_DEVICE_FAMILY = "1,2";
			};
			name = Debug;
		};
		2E2F1FD323F67B5000B8FFEA /* Release */ = {
			isa = XCBuildConfiguration;
			baseConfigurationReference = 3AB336ED1936E4C8EA2D2CDF /* Pods-stream.release.xcconfig */;
			buildSettings = {
				ASSETCATALOG_COMPILER_APPICON_NAME = AppIcon;
				CODE_SIGN_STYLE = Automatic;
				DEVELOPMENT_TEAM = UV36497CVB;
				INFOPLIST_FILE = stream/Info.plist;
				LD_RUNPATH_SEARCH_PATHS = (
					"$(inherited)",
					"@executable_path/Frameworks",
				);
				PRODUCT_BUNDLE_IDENTIFIER = com.haishinkit.Exsample.iOS;
				PRODUCT_NAME = "$(TARGET_NAME)";
				SWIFT_VERSION = 5.0;
				TARGETED_DEVICE_FAMILY = "1,2";
			};
			name = Release;
		};
/* End XCBuildConfiguration section */

/* Begin XCConfigurationList section */
		2E2F1FB823F67B4F00B8FFEA /* Build configuration list for PBXProject "stream" */ = {
			isa = XCConfigurationList;
			buildConfigurations = (
				2E2F1FCF23F67B5000B8FFEA /* Debug */,
				2E2F1FD023F67B5000B8FFEA /* Release */,
			);
			defaultConfigurationIsVisible = 0;
			defaultConfigurationName = Release;
		};
		2E2F1FD123F67B5000B8FFEA /* Build configuration list for PBXNativeTarget "stream" */ = {
			isa = XCConfigurationList;
			buildConfigurations = (
				2E2F1FD223F67B5000B8FFEA /* Debug */,
				2E2F1FD323F67B5000B8FFEA /* Release */,
			);
			defaultConfigurationIsVisible = 0;
			defaultConfigurationName = Release;
		};
/* End XCConfigurationList section */
	};
	rootObject = 2E2F1FB523F67B4F00B8FFEA /* Project object */;
}
